
Microsoft Visual Studio Solution File, Format Version 12.00
# Visual Studio Version 17
VisualStudioVersion = 17.12.35514.174
MinimumVisualStudioVersion = 10.0.40219.1
Project("{FAE04EC0-301F-11D3-BF4B-00C04F79EFBC}") = "RatGambling.Core", "RatGambling.Core\RatGambling.Core.csproj", "{7075F16D-E789-4478-A480-7D2E0C4E500D}"
EndProject
Project("{2150E333-8FDC-42A3-9474-1A3956D46DE8}") = "Client", "Client", "{F66461C6-5A55-4B18-9536-AE989C9B9529}"
EndProject
Project("{2150E333-8FDC-42A3-9474-1A3956D46DE8}") = "Server", "Server", "{7F60B832-4046-4BBA-A6AC-1CB55FD083FB}"
EndProject
Project("{FAE04EC0-301F-11D3-BF4B-00C04F79EFBC}") = "RatGambling.Server", "RatGambling.Server\RatGambling.Server.csproj", "{589A40D0-F901-4F4B-AF98-437EE30CAB7E}"
EndProject
Project("{FAE04EC0-301F-11D3-BF4B-00C04F79EFBC}") = "RatGamblingUI", "RatGamblingUI\RatGamblingUI.csproj", "{A438BD32-49F8-447F-95D2-23077D020DE2}"
EndProject
Project("{FAE04EC0-301F-11D3-BF4B-00C04F79EFBC}") = "RatGamblingUI.Android", "RatGamblingUI.Android\RatGamblingUI.Android.csproj", "{D0B81A8A-2BE9-4153-A753-0F0A6742749E}"
EndProject
Project("{FAE04EC0-301F-11D3-BF4B-00C04F79EFBC}") = "RatGamblingUI.Browser", "RatGamblingUI.Browser\RatGamblingUI.Browser.csproj", "{3E7EB0AA-7E4B-4954-99CA-C930C5CF0468}"
EndProject
Project("{FAE04EC0-301F-11D3-BF4B-00C04F79EFBC}") = "RatGamblingUI.Desktop", "RatGamblingUI.Desktop\RatGamblingUI.Desktop.csproj", "{CBDC7EDB-5A9B-457F-91CC-CE255EF292ED}"
EndProject
Project("{FAE04EC0-301F-11D3-BF4B-00C04F79EFBC}") = "RatGamblingUI.iOS", "RatGamblingUI.iOS\RatGamblingUI.iOS.csproj", "{4DAC4CC9-B375-4698-B15F-D06E6A91F815}"
EndProject
Project("{2150E333-8FDC-42A3-9474-1A3956D46DE8}") = "Core", "Core", "{6F4A55E1-623E-41AB-BAA5-8563DE323824}"
EndProject
Global
	GlobalSection(SolutionConfigurationPlatforms) = preSolution
		Debug|Any CPU = Debug|Any CPU
		Release|Any CPU = Release|Any CPU
	EndGlobalSection
	GlobalSection(ProjectConfigurationPlatforms) = postSolution
		{7075F16D-E789-4478-A480-7D2E0C4E500D}.Debug|Any CPU.ActiveCfg = Debug|Any CPU
		{7075F16D-E789-4478-A480-7D2E0C4E500D}.Debug|Any CPU.Build.0 = Debug|Any CPU
		{7075F16D-E789-4478-A480-7D2E0C4E500D}.Release|Any CPU.ActiveCfg = Release|Any CPU
		{7075F16D-E789-4478-A480-7D2E0C4E500D}.Release|Any CPU.Build.0 = Release|Any CPU
		{589A40D0-F901-4F4B-AF98-437EE30CAB7E}.Debug|Any CPU.ActiveCfg = Debug|Any CPU
		{589A40D0-F901-4F4B-AF98-437EE30CAB7E}.Debug|Any CPU.Build.0 = Debug|Any CPU
		{589A40D0-F901-4F4B-AF98-437EE30CAB7E}.Release|Any CPU.ActiveCfg = Release|Any CPU
		{589A40D0-F901-4F4B-AF98-437EE30CAB7E}.Release|Any CPU.Build.0 = Release|Any CPU
		{A438BD32-49F8-447F-95D2-23077D020DE2}.Debug|Any CPU.ActiveCfg = Debug|Any CPU
		{A438BD32-49F8-447F-95D2-23077D020DE2}.Debug|Any CPU.Build.0 = Debug|Any CPU
		{A438BD32-49F8-447F-95D2-23077D020DE2}.Release|Any CPU.ActiveCfg = Release|Any CPU
		{A438BD32-49F8-447F-95D2-23077D020DE2}.Release|Any CPU.Build.0 = Release|Any CPU
		{D0B81A8A-2BE9-4153-A753-0F0A6742749E}.Debug|Any CPU.ActiveCfg = Debug|Any CPU
		{D0B81A8A-2BE9-4153-A753-0F0A6742749E}.Debug|Any CPU.Build.0 = Debug|Any CPU
		{D0B81A8A-2BE9-4153-A753-0F0A6742749E}.Debug|Any CPU.Deploy.0 = Debug|Any CPU
		{D0B81A8A-2BE9-4153-A753-0F0A6742749E}.Release|Any CPU.ActiveCfg = Release|Any CPU
		{D0B81A8A-2BE9-4153-A753-0F0A6742749E}.Release|Any CPU.Build.0 = Release|Any CPU
		{D0B81A8A-2BE9-4153-A753-0F0A6742749E}.Release|Any CPU.Deploy.0 = Release|Any CPU
		{3E7EB0AA-7E4B-4954-99CA-C930C5CF0468}.Debug|Any CPU.ActiveCfg = Debug|Any CPU
		{3E7EB0AA-7E4B-4954-99CA-C930C5CF0468}.Debug|Any CPU.Build.0 = Debug|Any CPU
		{3E7EB0AA-7E4B-4954-99CA-C930C5CF0468}.Release|Any CPU.ActiveCfg = Release|Any CPU
		{3E7EB0AA-7E4B-4954-99CA-C930C5CF0468}.Release|Any CPU.Build.0 = Release|Any CPU
		{CBDC7EDB-5A9B-457F-91CC-CE255EF292ED}.Debug|Any CPU.ActiveCfg = Debug|Any CPU
		{CBDC7EDB-5A9B-457F-91CC-CE255EF292ED}.Debug|Any CPU.Build.0 = Debug|Any CPU
		{CBDC7EDB-5A9B-457F-91CC-CE255EF292ED}.Release|Any CPU.ActiveCfg = Release|Any CPU
		{CBDC7EDB-5A9B-457F-91CC-CE255EF292ED}.Release|Any CPU.Build.0 = Release|Any CPU
		{4DAC4CC9-B375-4698-B15F-D06E6A91F815}.Debug|Any CPU.ActiveCfg = Debug|Any CPU
		{4DAC4CC9-B375-4698-B15F-D06E6A91F815}.Debug|Any CPU.Build.0 = Debug|Any CPU
		{4DAC4CC9-B375-4698-B15F-D06E6A91F815}.Debug|Any CPU.Deploy.0 = Debug|Any CPU
		{4DAC4CC9-B375-4698-B15F-D06E6A91F815}.Release|Any CPU.ActiveCfg = Release|Any CPU
		{4DAC4CC9-B375-4698-B15F-D06E6A91F815}.Release|Any CPU.Build.0 = Release|Any CPU
		{4DAC4CC9-B375-4698-B15F-D06E6A91F815}.Release|Any CPU.Deploy.0 = Release|Any CPU
	EndGlobalSection
	GlobalSection(SolutionProperties) = preSolution
		HideSolutionNode = FALSE
	EndGlobalSection
	GlobalSection(NestedProjects) = preSolution
		{7075F16D-E789-4478-A480-7D2E0C4E500D} = {6F4A55E1-623E-41AB-BAA5-8563DE323824}
		{589A40D0-F901-4F4B-AF98-437EE30CAB7E} = {7F60B832-4046-4BBA-A6AC-1CB55FD083FB}
		{A438BD32-49F8-447F-95D2-23077D020DE2} = {F66461C6-5A55-4B18-9536-AE989C9B9529}
		{D0B81A8A-2BE9-4153-A753-0F0A6742749E} = {F66461C6-5A55-4B18-9536-AE989C9B9529}
		{3E7EB0AA-7E4B-4954-99CA-C930C5CF0468} = {F66461C6-5A55-4B18-9536-AE989C9B9529}
		{CBDC7EDB-5A9B-457F-91CC-CE255EF292ED} = {F66461C6-5A55-4B18-9536-AE989C9B9529}
		{4DAC4CC9-B375-4698-B15F-D06E6A91F815} = {F66461C6-5A55-4B18-9536-AE989C9B9529}
	EndGlobalSection
EndGlobal
